
Microsoft Visual Studio Solution File, Format Version 12.00
# Visual Studio Version 17
VisualStudioVersion = 17.4.33213.308
MinimumVisualStudioVersion = 10.0.40219.1
Project("{FAE04EC0-301F-11D3-BF4B-00C04F79EFBC}") = "Login_Application", "LoginFormWindowApplication\Login_Application.csproj", "{7111681B-44F2-4398-BD41-F3D1E0CCEA9B}"
EndProject
Global
	GlobalSection(SolutionConfigurationPlatforms) = preSolution
		Debug|Any CPU = Debug|Any CPU
		Release|Any CPU = Release|Any CPU
	EndGlobalSection
	GlobalSection(ProjectConfigurationPlatforms) = postSolution
		{7111681B-44F2-4398-BD41-F3D1E0CCEA9B}.Debug|Any CPU.ActiveCfg = Debug|Any CPU
		{7111681B-44F2-4398-BD41-F3D1E0CCEA9B}.Debug|Any CPU.Build.0 = Debug|Any CPU
		{7111681B-44F2-4398-BD41-F3D1E0CCEA9B}.Release|Any CPU.ActiveCfg = Release|Any CPU
		{7111681B-44F2-4398-BD41-F3D1E0CCEA9B}.Release|Any CPU.Build.0 = Release|Any CPU
	EndGlobalSection
	GlobalSection(SolutionProperties) = preSolution
		HideSolutionNode = FALSE
	EndGlobalSection
	GlobalSection(ExtensibilityGlobals) = postSolution
		SolutionGuid = {FA19EF02-6E46-4179-AE74-AFB84C2CF931}
	EndGlobalSection
EndGlobal
